
Microsoft Visual Studio Solution File, Format Version 12.00
# Visual Studio Version 17
VisualStudioVersion = 17.1.32421.90
MinimumVisualStudioVersion = 10.0.40219.1
Project("{FAE04EC0-301F-11D3-BF4B-00C04F79EFBC}") = "TollFeeSystem.Simulator", "TollFeeSystem.Simulator\TollFeeSystem.Simulator.csproj", "{D278EA6D-6118-42FA-9DC0-3425D7CCDF43}"
EndProject
Project("{FAE04EC0-301F-11D3-BF4B-00C04F79EFBC}") = "TollFeeSystem.Core", "TollFeeSystem.Core\TollFeeSystem.Core.csproj", "{A79BC6D9-0E5D-4A62-9992-710C0C8272E0}"
EndProject
Global
	GlobalSection(SolutionConfigurationPlatforms) = preSolution
		Debug|Any CPU = Debug|Any CPU
		Release|Any CPU = Release|Any CPU
	EndGlobalSection
	GlobalSection(ProjectConfigurationPlatforms) = postSolution
		{D278EA6D-6118-42FA-9DC0-3425D7CCDF43}.Debug|Any CPU.ActiveCfg = Debug|Any CPU
		{D278EA6D-6118-42FA-9DC0-3425D7CCDF43}.Debug|Any CPU.Build.0 = Debug|Any CPU
		{D278EA6D-6118-42FA-9DC0-3425D7CCDF43}.Release|Any CPU.ActiveCfg = Release|Any CPU
		{D278EA6D-6118-42FA-9DC0-3425D7CCDF43}.Release|Any CPU.Build.0 = Release|Any CPU
		{A79BC6D9-0E5D-4A62-9992-710C0C8272E0}.Debug|Any CPU.ActiveCfg = Debug|Any CPU
		{A79BC6D9-0E5D-4A62-9992-710C0C8272E0}.Debug|Any CPU.Build.0 = Debug|Any CPU
		{A79BC6D9-0E5D-4A62-9992-710C0C8272E0}.Release|Any CPU.ActiveCfg = Release|Any CPU
		{A79BC6D9-0E5D-4A62-9992-710C0C8272E0}.Release|Any CPU.Build.0 = Release|Any CPU
	EndGlobalSection
	GlobalSection(SolutionProperties) = preSolution
		HideSolutionNode = FALSE
	EndGlobalSection
	GlobalSection(ExtensibilityGlobals) = postSolution
		SolutionGuid = {7DFC1D94-11D7-4246-A90A-76503021020C}
	EndGlobalSection
EndGlobal
